
Microsoft Visual Studio Solution File, Format Version 12.00
# Visual Studio 15
VisualStudioVersion = 15.0.26730.15
MinimumVisualStudioVersion = 10.0.40219.1
Project("{FAE04EC0-301F-11D3-BF4B-00C04F79EFBC}") = "NiceHashMarket.Model", "NiceHashMarket.Model\NiceHashMarket.Model.csproj", "{91636E6F-612E-443E-89F5-A5BACA2F05CB}"
EndProject
Project("{FAE04EC0-301F-11D3-BF4B-00C04F79EFBC}") = "NiceHashMarket.Core", "NiceHashMarket.Core\NiceHashMarket.Core.csproj", "{050A8E9C-7CA6-4DC2-B6DC-8FF3ED4A7B6F}"
EndProject
Project("{FAE04EC0-301F-11D3-BF4B-00C04F79EFBC}") = "NiceHashMarket.WpfClient", "NiceHashMarket.WpfClient\NiceHashMarket.WpfClient.csproj", "{EB0F293E-1947-45F5-8EC6-073E7EE033C5}"
EndProject
Project("{FAE04EC0-301F-11D3-BF4B-00C04F79EFBC}") = "NiceHashMarket.Console", "NiceHashMarket.Console\NiceHashMarket.Console.csproj", "{82C419A1-1911-4A98-AA92-042D69F901F5}"
EndProject
Project("{FAE04EC0-301F-11D3-BF4B-00C04F79EFBC}") = "NiceHashMarket.Core.Interfaces", "NiceHashMarket.Core.Interfaces\NiceHashMarket.Core.Interfaces.csproj", "{7F2A4C8D-9DC1-48A0-84FD-0D365191A04D}"
EndProject
Project("{FAE04EC0-301F-11D3-BF4B-00C04F79EFBC}") = "NiceHashMarket.Model.Interfaces", "NiceHashMarket.Model.Interfaces\NiceHashMarket.Model.Interfaces.csproj", "{5236C511-7B02-4952-B9D8-D98291E7A6DE}"
EndProject
Project("{FAE04EC0-301F-11D3-BF4B-00C04F79EFBC}") = "NiceHashMarket.Core.Helpers", "NiceHashMarket.Core.Helpers\NiceHashMarket.Core.Helpers.csproj", "{EF7CE819-802A-41B1-8B30-DC551985F585}"
EndProject
Project("{FAE04EC0-301F-11D3-BF4B-00C04F79EFBC}") = "NiceHashMarket.Logger", "NiceHashMarket.Logger\NiceHashMarket.Logger.csproj", "{EC5235B5-D2B2-4883-B0E8-4A1532B04784}"
EndProject
Project("{FAE04EC0-301F-11D3-BF4B-00C04F79EFBC}") = "NiceHashMarket.Model.Enums", "NiceHashMarket.Model.Enums\NiceHashMarket.Model.Enums.csproj", "{4291B820-6118-46BC-A0E7-359D2CAA9D9D}"
EndProject
Project("{FAE04EC0-301F-11D3-BF4B-00C04F79EFBC}") = "NiceHashBotLib", "NiceHashMarket.NiceHashBotLib\NiceHashBotLib.csproj", "{B5B243E4-0497-42CB-AFBF-A4ED3B4343D6}"
EndProject
Project("{FAE04EC0-301F-11D3-BF4B-00C04F79EFBC}") = "NiceHashMarket.Services", "NiceHashMarket.Services\NiceHashMarket.Services.csproj", "{CB1457E2-5F9C-4EDC-B8DF-007173C31A37}"
EndProject
Project("{FAE04EC0-301F-11D3-BF4B-00C04F79EFBC}") = "NicehashMarket.Core.Wallets", "NicehashMarket.Core.Wallets\NicehashMarket.Core.Wallets.csproj", "{EC8AC1F3-BE61-4EF6-9290-0ECB8BC259F0}"
EndProject
Global
	GlobalSection(SolutionConfigurationPlatforms) = preSolution
		Debug|Any CPU = Debug|Any CPU
		Release|Any CPU = Release|Any CPU
	EndGlobalSection
	GlobalSection(ProjectConfigurationPlatforms) = postSolution
		{91636E6F-612E-443E-89F5-A5BACA2F05CB}.Debug|Any CPU.ActiveCfg = Debug|Any CPU
		{91636E6F-612E-443E-89F5-A5BACA2F05CB}.Debug|Any CPU.Build.0 = Debug|Any CPU
		{91636E6F-612E-443E-89F5-A5BACA2F05CB}.Release|Any CPU.ActiveCfg = Release|Any CPU
		{91636E6F-612E-443E-89F5-A5BACA2F05CB}.Release|Any CPU.Build.0 = Release|Any CPU
		{050A8E9C-7CA6-4DC2-B6DC-8FF3ED4A7B6F}.Debug|Any CPU.ActiveCfg = Debug|Any CPU
		{050A8E9C-7CA6-4DC2-B6DC-8FF3ED4A7B6F}.Debug|Any CPU.Build.0 = Debug|Any CPU
		{050A8E9C-7CA6-4DC2-B6DC-8FF3ED4A7B6F}.Release|Any CPU.ActiveCfg = Release|Any CPU
		{050A8E9C-7CA6-4DC2-B6DC-8FF3ED4A7B6F}.Release|Any CPU.Build.0 = Release|Any CPU
		{EB0F293E-1947-45F5-8EC6-073E7EE033C5}.Debug|Any CPU.ActiveCfg = Debug|Any CPU
		{EB0F293E-1947-45F5-8EC6-073E7EE033C5}.Debug|Any CPU.Build.0 = Debug|Any CPU
		{EB0F293E-1947-45F5-8EC6-073E7EE033C5}.Release|Any CPU.ActiveCfg = Release|Any CPU
		{EB0F293E-1947-45F5-8EC6-073E7EE033C5}.Release|Any CPU.Build.0 = Release|Any CPU
		{82C419A1-1911-4A98-AA92-042D69F901F5}.Debug|Any CPU.ActiveCfg = Debug|Any CPU
		{82C419A1-1911-4A98-AA92-042D69F901F5}.Debug|Any CPU.Build.0 = Debug|Any CPU
		{82C419A1-1911-4A98-AA92-042D69F901F5}.Release|Any CPU.ActiveCfg = Release|Any CPU
		{82C419A1-1911-4A98-AA92-042D69F901F5}.Release|Any CPU.Build.0 = Release|Any CPU
		{7F2A4C8D-9DC1-48A0-84FD-0D365191A04D}.Debug|Any CPU.ActiveCfg = Debug|Any CPU
		{7F2A4C8D-9DC1-48A0-84FD-0D365191A04D}.Debug|Any CPU.Build.0 = Debug|Any CPU
		{7F2A4C8D-9DC1-48A0-84FD-0D365191A04D}.Release|Any CPU.ActiveCfg = Release|Any CPU
		{7F2A4C8D-9DC1-48A0-84FD-0D365191A04D}.Release|Any CPU.Build.0 = Release|Any CPU
		{5236C511-7B02-4952-B9D8-D98291E7A6DE}.Debug|Any CPU.ActiveCfg = Debug|Any CPU
		{5236C511-7B02-4952-B9D8-D98291E7A6DE}.Debug|Any CPU.Build.0 = Debug|Any CPU
		{5236C511-7B02-4952-B9D8-D98291E7A6DE}.Release|Any CPU.ActiveCfg = Release|Any CPU
		{5236C511-7B02-4952-B9D8-D98291E7A6DE}.Release|Any CPU.Build.0 = Release|Any CPU
		{EF7CE819-802A-41B1-8B30-DC551985F585}.Debug|Any CPU.ActiveCfg = Debug|Any CPU
		{EF7CE819-802A-41B1-8B30-DC551985F585}.Debug|Any CPU.Build.0 = Debug|Any CPU
		{EF7CE819-802A-41B1-8B30-DC551985F585}.Release|Any CPU.ActiveCfg = Release|Any CPU
		{EF7CE819-802A-41B1-8B30-DC551985F585}.Release|Any CPU.Build.0 = Release|Any CPU
		{EC5235B5-D2B2-4883-B0E8-4A1532B04784}.Debug|Any CPU.ActiveCfg = Debug|Any CPU
		{EC5235B5-D2B2-4883-B0E8-4A1532B04784}.Debug|Any CPU.Build.0 = Debug|Any CPU
		{EC5235B5-D2B2-4883-B0E8-4A1532B04784}.Release|Any CPU.ActiveCfg = Release|Any CPU
		{EC5235B5-D2B2-4883-B0E8-4A1532B04784}.Release|Any CPU.Build.0 = Release|Any CPU
		{4291B820-6118-46BC-A0E7-359D2CAA9D9D}.Debug|Any CPU.ActiveCfg = Debug|Any CPU
		{4291B820-6118-46BC-A0E7-359D2CAA9D9D}.Debug|Any CPU.Build.0 = Debug|Any CPU
		{4291B820-6118-46BC-A0E7-359D2CAA9D9D}.Release|Any CPU.ActiveCfg = Release|Any CPU
		{4291B820-6118-46BC-A0E7-359D2CAA9D9D}.Release|Any CPU.Build.0 = Release|Any CPU
		{B5B243E4-0497-42CB-AFBF-A4ED3B4343D6}.Debug|Any CPU.ActiveCfg = Debug|Any CPU
		{B5B243E4-0497-42CB-AFBF-A4ED3B4343D6}.Debug|Any CPU.Build.0 = Debug|Any CPU
		{B5B243E4-0497-42CB-AFBF-A4ED3B4343D6}.Release|Any CPU.ActiveCfg = Release|Any CPU
		{B5B243E4-0497-42CB-AFBF-A4ED3B4343D6}.Release|Any CPU.Build.0 = Release|Any CPU
		{CB1457E2-5F9C-4EDC-B8DF-007173C31A37}.Debug|Any CPU.ActiveCfg = Debug|Any CPU
		{CB1457E2-5F9C-4EDC-B8DF-007173C31A37}.Debug|Any CPU.Build.0 = Debug|Any CPU
		{CB1457E2-5F9C-4EDC-B8DF-007173C31A37}.Release|Any CPU.ActiveCfg = Release|Any CPU
		{CB1457E2-5F9C-4EDC-B8DF-007173C31A37}.Release|Any CPU.Build.0 = Release|Any CPU
		{EC8AC1F3-BE61-4EF6-9290-0ECB8BC259F0}.Debug|Any CPU.ActiveCfg = Debug|Any CPU
		{EC8AC1F3-BE61-4EF6-9290-0ECB8BC259F0}.Debug|Any CPU.Build.0 = Debug|Any CPU
		{EC8AC1F3-BE61-4EF6-9290-0ECB8BC259F0}.Release|Any CPU.ActiveCfg = Release|Any CPU
		{EC8AC1F3-BE61-4EF6-9290-0ECB8BC259F0}.Release|Any CPU.Build.0 = Release|Any CPU
	EndGlobalSection
	GlobalSection(SolutionProperties) = preSolution
		HideSolutionNode = FALSE
	EndGlobalSection
	GlobalSection(ExtensibilityGlobals) = postSolution
		SolutionGuid = {E65D9187-9B51-48F8-A849-CB46CB82B3CE}
	EndGlobalSection
EndGlobal
